
Microsoft Visual Studio Solution File, Format Version 12.00
# Visual Studio Version 17
VisualStudioVersion = 17.0.31919.166
MinimumVisualStudioVersion = 10.0.40219.1
Project("{9A19103F-16F7-4668-BE54-9A1E7A4F7556}") = "Personal", "Personal\Personal.csproj", "{3F259F8A-D1A3-4854-8B18-2EC76AEF3ED8}"
EndProject
Project("{FAE04EC0-301F-11D3-BF4B-00C04F79EFBC}") = "Core", "Core\Core.csproj", "{689DD527-7440-48CF-9BF8-EBCE13FC7C8E}"
EndProject
Project("{FAE04EC0-301F-11D3-BF4B-00C04F79EFBC}") = "Alexey", "Alexey\Alexey.csproj", "{7BBF5206-675B-4FEE-87AC-B13D1E18FD74}"
EndProject
Global
	GlobalSection(SolutionConfigurationPlatforms) = preSolution
		Debug|Any CPU = Debug|Any CPU
		Release|Any CPU = Release|Any CPU
	EndGlobalSection
	GlobalSection(ProjectConfigurationPlatforms) = postSolution
		{3F259F8A-D1A3-4854-8B18-2EC76AEF3ED8}.Debug|Any CPU.ActiveCfg = Debug|Any CPU
		{3F259F8A-D1A3-4854-8B18-2EC76AEF3ED8}.Debug|Any CPU.Build.0 = Debug|Any CPU
		{3F259F8A-D1A3-4854-8B18-2EC76AEF3ED8}.Release|Any CPU.ActiveCfg = Release|Any CPU
		{3F259F8A-D1A3-4854-8B18-2EC76AEF3ED8}.Release|Any CPU.Build.0 = Release|Any CPU
		{689DD527-7440-48CF-9BF8-EBCE13FC7C8E}.Debug|Any CPU.ActiveCfg = Debug|Any CPU
		{689DD527-7440-48CF-9BF8-EBCE13FC7C8E}.Debug|Any CPU.Build.0 = Debug|Any CPU
		{689DD527-7440-48CF-9BF8-EBCE13FC7C8E}.Release|Any CPU.ActiveCfg = Release|Any CPU
		{689DD527-7440-48CF-9BF8-EBCE13FC7C8E}.Release|Any CPU.Build.0 = Release|Any CPU
		{7BBF5206-675B-4FEE-87AC-B13D1E18FD74}.Debug|Any CPU.ActiveCfg = Debug|Any CPU
		{7BBF5206-675B-4FEE-87AC-B13D1E18FD74}.Debug|Any CPU.Build.0 = Debug|Any CPU
		{7BBF5206-675B-4FEE-87AC-B13D1E18FD74}.Release|Any CPU.ActiveCfg = Release|Any CPU
		{7BBF5206-675B-4FEE-87AC-B13D1E18FD74}.Release|Any CPU.Build.0 = Release|Any CPU
	EndGlobalSection
	GlobalSection(SolutionProperties) = preSolution
		HideSolutionNode = FALSE
	EndGlobalSection
	GlobalSection(ExtensibilityGlobals) = postSolution
		SolutionGuid = {780D4A6C-ADA4-40CB-A6BE-0278578ADF0F}
	EndGlobalSection
EndGlobal
